
Microsoft Visual Studio Solution File, Format Version 12.00
Project("{FAE04EC0-301F-11D3-BF4B-00C04F79EFBC}") = "Memento", "Memento.csproj", "{872E65CC-C6E5-4DDF-A31A-FCDA112411CB}"
EndProject
Global
	GlobalSection(SolutionConfigurationPlatforms) = preSolution
		Debug|Any CPU = Debug|Any CPU
		Release|Any CPU = Release|Any CPU
	EndGlobalSection
	GlobalSection(ProjectConfigurationPlatforms) = postSolution
		{872E65CC-C6E5-4DDF-A31A-FCDA112411CB}.Debug|Any CPU.ActiveCfg = Debug|Any CPU
		{872E65CC-C6E5-4DDF-A31A-FCDA112411CB}.Debug|Any CPU.Build.0 = Debug|Any CPU
		{872E65CC-C6E5-4DDF-A31A-FCDA112411CB}.Release|Any CPU.ActiveCfg = Release|Any CPU
		{872E65CC-C6E5-4DDF-A31A-FCDA112411CB}.Release|Any CPU.Build.0 = Release|Any CPU
	EndGlobalSection
EndGlobal
